
Microsoft Visual Studio Solution File, Format Version 12.00
# Visual Studio Version 17
VisualStudioVersion = 17.0.31611.283
MinimumVisualStudioVersion = 10.0.40219.1
Project("{9A19103F-16F7-4668-BE54-9A1E7A4F7556}") = "Contacts.Maui", "Contacts.Maui\Contacts.Maui.csproj", "{C608F71F-0033-4F80-8A30-A241EAABACA4}"
EndProject
Project("{9A19103F-16F7-4668-BE54-9A1E7A4F7556}") = "Contacts.CoreBusiness", "Contacts.CoreBusiness\Contacts.CoreBusiness.csproj", "{71FBDB77-A3B2-4135-BE5A-E8EC1EE8BFE4}"
EndProject
Project("{9A19103F-16F7-4668-BE54-9A1E7A4F7556}") = "Contacts.UseCases", "Contacts.UseCases\Contacts.UseCases.csproj", "{F638B96D-F0C5-43D5-9FF2-A4B596201C14}"
EndProject
Project("{2150E333-8FDC-42A3-9474-1A3956D46DE8}") = "Plugins", "Plugins", "{EAFBCC00-0AC5-4C50-AD28-DA15A73C7F32}"
EndProject
Project("{9A19103F-16F7-4668-BE54-9A1E7A4F7556}") = "Contacts.Plugins.DataStore.InMemory", "Plugins\Contacts.Plugins.DataStore.InMemory\Contacts.Plugins.DataStore.InMemory.csproj", "{4CC9E3E2-819A-45C5-BEBB-D5D3381D9FC7}"
EndProject
Project("{9A19103F-16F7-4668-BE54-9A1E7A4F7556}") = "Contacts.Plugins.DataStore.SQLLite", "Plugins\Contacts.Plugins.DataStore.SQLLite\Contacts.Plugins.DataStore.SQLLite.csproj", "{26680927-91EF-47E5-81AF-E4D2C1303883}"
EndProject
Project("{9A19103F-16F7-4668-BE54-9A1E7A4F7556}") = "Contacts.WebApi", "Contacts.WebApi\Contacts.WebApi.csproj", "{F566DC21-EEBB-46FD-A154-D4E353284763}"
EndProject
Project("{FAE04EC0-301F-11D3-BF4B-00C04F79EFBC}") = "Contacts.Plugins.DataStore.WebApi", "Plugins\Contacts.Plugins.DataStore.WebApi\Contacts.Plugins.DataStore.WebApi.csproj", "{E27C6FF1-5C54-496E-8B83-A165BB08878B}"
EndProject
Global
	GlobalSection(SolutionConfigurationPlatforms) = preSolution
		Debug|Any CPU = Debug|Any CPU
		Release|Any CPU = Release|Any CPU
	EndGlobalSection
	GlobalSection(ProjectConfigurationPlatforms) = postSolution
		{C608F71F-0033-4F80-8A30-A241EAABACA4}.Debug|Any CPU.ActiveCfg = Debug|Any CPU
		{C608F71F-0033-4F80-8A30-A241EAABACA4}.Debug|Any CPU.Build.0 = Debug|Any CPU
		{C608F71F-0033-4F80-8A30-A241EAABACA4}.Debug|Any CPU.Deploy.0 = Debug|Any CPU
		{C608F71F-0033-4F80-8A30-A241EAABACA4}.Release|Any CPU.ActiveCfg = Release|Any CPU
		{C608F71F-0033-4F80-8A30-A241EAABACA4}.Release|Any CPU.Build.0 = Release|Any CPU
		{C608F71F-0033-4F80-8A30-A241EAABACA4}.Release|Any CPU.Deploy.0 = Release|Any CPU
		{71FBDB77-A3B2-4135-BE5A-E8EC1EE8BFE4}.Debug|Any CPU.ActiveCfg = Debug|Any CPU
		{71FBDB77-A3B2-4135-BE5A-E8EC1EE8BFE4}.Debug|Any CPU.Build.0 = Debug|Any CPU
		{71FBDB77-A3B2-4135-BE5A-E8EC1EE8BFE4}.Release|Any CPU.ActiveCfg = Release|Any CPU
		{71FBDB77-A3B2-4135-BE5A-E8EC1EE8BFE4}.Release|Any CPU.Build.0 = Release|Any CPU
		{F638B96D-F0C5-43D5-9FF2-A4B596201C14}.Debug|Any CPU.ActiveCfg = Debug|Any CPU
		{F638B96D-F0C5-43D5-9FF2-A4B596201C14}.Debug|Any CPU.Build.0 = Debug|Any CPU
		{F638B96D-F0C5-43D5-9FF2-A4B596201C14}.Release|Any CPU.ActiveCfg = Release|Any CPU
		{F638B96D-F0C5-43D5-9FF2-A4B596201C14}.Release|Any CPU.Build.0 = Release|Any CPU
		{4CC9E3E2-819A-45C5-BEBB-D5D3381D9FC7}.Debug|Any CPU.ActiveCfg = Debug|Any CPU
		{4CC9E3E2-819A-45C5-BEBB-D5D3381D9FC7}.Debug|Any CPU.Build.0 = Debug|Any CPU
		{4CC9E3E2-819A-45C5-BEBB-D5D3381D9FC7}.Release|Any CPU.ActiveCfg = Release|Any CPU
		{4CC9E3E2-819A-45C5-BEBB-D5D3381D9FC7}.Release|Any CPU.Build.0 = Release|Any CPU
		{26680927-91EF-47E5-81AF-E4D2C1303883}.Debug|Any CPU.ActiveCfg = Debug|Any CPU
		{26680927-91EF-47E5-81AF-E4D2C1303883}.Debug|Any CPU.Build.0 = Debug|Any CPU
		{26680927-91EF-47E5-81AF-E4D2C1303883}.Release|Any CPU.ActiveCfg = Release|Any CPU
		{26680927-91EF-47E5-81AF-E4D2C1303883}.Release|Any CPU.Build.0 = Release|Any CPU
		{F566DC21-EEBB-46FD-A154-D4E353284763}.Debug|Any CPU.ActiveCfg = Debug|Any CPU
		{F566DC21-EEBB-46FD-A154-D4E353284763}.Debug|Any CPU.Build.0 = Debug|Any CPU
		{F566DC21-EEBB-46FD-A154-D4E353284763}.Release|Any CPU.ActiveCfg = Release|Any CPU
		{F566DC21-EEBB-46FD-A154-D4E353284763}.Release|Any CPU.Build.0 = Release|Any CPU
		{E27C6FF1-5C54-496E-8B83-A165BB08878B}.Debug|Any CPU.ActiveCfg = Debug|Any CPU
		{E27C6FF1-5C54-496E-8B83-A165BB08878B}.Debug|Any CPU.Build.0 = Debug|Any CPU
		{E27C6FF1-5C54-496E-8B83-A165BB08878B}.Release|Any CPU.ActiveCfg = Release|Any CPU
		{E27C6FF1-5C54-496E-8B83-A165BB08878B}.Release|Any CPU.Build.0 = Release|Any CPU
	EndGlobalSection
	GlobalSection(SolutionProperties) = preSolution
		HideSolutionNode = FALSE
	EndGlobalSection
	GlobalSection(NestedProjects) = preSolution
		{4CC9E3E2-819A-45C5-BEBB-D5D3381D9FC7} = {EAFBCC00-0AC5-4C50-AD28-DA15A73C7F32}
		{26680927-91EF-47E5-81AF-E4D2C1303883} = {EAFBCC00-0AC5-4C50-AD28-DA15A73C7F32}
		{E27C6FF1-5C54-496E-8B83-A165BB08878B} = {EAFBCC00-0AC5-4C50-AD28-DA15A73C7F32}
	EndGlobalSection
	GlobalSection(ExtensibilityGlobals) = postSolution
		SolutionGuid = {61F7FB11-1E47-470C-91E2-47F8143E1572}
	EndGlobalSection
EndGlobal
